
Microsoft Visual Studio Solution File, Format Version 12.00
# Visual Studio Version 17
VisualStudioVersion = 17.9.34622.214
MinimumVisualStudioVersion = 10.0.40219.1
Project("{FAE04EC0-301F-11D3-BF4B-00C04F79EFBC}") = "TattooKitShop", "TattooKitShop\TattooKitShop.csproj", "{4F2EE977-7911-476E-8E34-FF59BE4CBFA5}"
EndProject
Global
	GlobalSection(SolutionConfigurationPlatforms) = preSolution
		Debug|Any CPU = Debug|Any CPU
		Release|Any CPU = Release|Any CPU
	EndGlobalSection
	GlobalSection(ProjectConfigurationPlatforms) = postSolution
		{4F2EE977-7911-476E-8E34-FF59BE4CBFA5}.Debug|Any CPU.ActiveCfg = Debug|Any CPU
		{4F2EE977-7911-476E-8E34-FF59BE4CBFA5}.Debug|Any CPU.Build.0 = Debug|Any CPU
		{4F2EE977-7911-476E-8E34-FF59BE4CBFA5}.Release|Any CPU.ActiveCfg = Release|Any CPU
		{4F2EE977-7911-476E-8E34-FF59BE4CBFA5}.Release|Any CPU.Build.0 = Release|Any CPU
	EndGlobalSection
	GlobalSection(SolutionProperties) = preSolution
		HideSolutionNode = FALSE
	EndGlobalSection
	GlobalSection(ExtensibilityGlobals) = postSolution
		SolutionGuid = {03089649-0AE3-453D-804E-6CC857D73133}
	EndGlobalSection
EndGlobal
